
Microsoft Visual Studio Solution File, Format Version 12.00
# Visual Studio Version 17
VisualStudioVersion = 17.4.33403.182
MinimumVisualStudioVersion = 10.0.40219.1
Project("{FAE04EC0-301F-11D3-BF4B-00C04F79EFBC}") = "CLOTHING_PRODUCTS", "CLOTHING_PRODUCTS\CLOTHING_PRODUCTS.csproj", "{1A5DB379-B23D-4840-86C4-AEAF189529CC}"
EndProject
Global
	GlobalSection(SolutionConfigurationPlatforms) = preSolution
		Debug|Any CPU = Debug|Any CPU
		Release|Any CPU = Release|Any CPU
	EndGlobalSection
	GlobalSection(ProjectConfigurationPlatforms) = postSolution
		{1A5DB379-B23D-4840-86C4-AEAF189529CC}.Debug|Any CPU.ActiveCfg = Debug|Any CPU
		{1A5DB379-B23D-4840-86C4-AEAF189529CC}.Debug|Any CPU.Build.0 = Debug|Any CPU
		{1A5DB379-B23D-4840-86C4-AEAF189529CC}.Release|Any CPU.ActiveCfg = Release|Any CPU
		{1A5DB379-B23D-4840-86C4-AEAF189529CC}.Release|Any CPU.Build.0 = Release|Any CPU
	EndGlobalSection
	GlobalSection(SolutionProperties) = preSolution
		HideSolutionNode = FALSE
	EndGlobalSection
	GlobalSection(ExtensibilityGlobals) = postSolution
		SolutionGuid = {658333C3-BA24-4C90-96D6-C1B4A1B97DC8}
	EndGlobalSection
EndGlobal
